
Microsoft Visual Studio Solution File, Format Version 12.00
# Visual Studio 2012
Project("{FAE04EC0-301F-11D3-BF4B-00C04F79EFBC}") = "BinaryConverter", "BinaryConverter\BinaryConverter.csproj", "{30B44867-1923-430C-B9F3-28ED979B4923}"
EndProject
Global
	GlobalSection(SolutionConfigurationPlatforms) = preSolution
		Debug|Any CPU = Debug|Any CPU
		Release|Any CPU = Release|Any CPU
	EndGlobalSection
	GlobalSection(ProjectConfigurationPlatforms) = postSolution
		{30B44867-1923-430C-B9F3-28ED979B4923}.Debug|Any CPU.ActiveCfg = Debug|Any CPU
		{30B44867-1923-430C-B9F3-28ED979B4923}.Debug|Any CPU.Build.0 = Debug|Any CPU
		{30B44867-1923-430C-B9F3-28ED979B4923}.Release|Any CPU.ActiveCfg = Release|Any CPU
		{30B44867-1923-430C-B9F3-28ED979B4923}.Release|Any CPU.Build.0 = Release|Any CPU
	EndGlobalSection
	GlobalSection(SolutionProperties) = preSolution
		HideSolutionNode = FALSE
	EndGlobalSection
EndGlobal
